// !$*UTF8*$!
{
	archiveVersion = 1;
	classes = {
	};
	objectVersion = 51;
	objects = {

/* Begin PBXBuildFile section */
		5D744D332926A1D9F7EA6C16 /* Pods_WorldStats.framework in Frameworks */ = {isa = PBXBuildFile; fileRef = 39811A7CCB1ACACA002B8E15 /* Pods_WorldStats.framework */; };
		9AF40E8624F8B6AA00E15B8F /* AppDelegate.swift in Sources */ = {isa = PBXBuildFile; fileRef = 9AF40E8524F8B6AA00E15B8F /* AppDelegate.swift */; };
		9AF40E8824F8B6AA00E15B8F /* SceneDelegate.swift in Sources */ = {isa = PBXBuildFile; fileRef = 9AF40E8724F8B6AA00E15B8F /* SceneDelegate.swift */; };
		9AF40E8A24F8B6AA00E15B8F /* ViewController.swift in Sources */ = {isa = PBXBuildFile; fileRef = 9AF40E8924F8B6AA00E15B8F /* ViewController.swift */; };
		9AF40E8D24F8B6AA00E15B8F /* Main.storyboard in Resources */ = {isa = PBXBuildFile; fileRef = 9AF40E8B24F8B6AA00E15B8F /* Main.storyboard */; };
		9AF40E8F24F8B6AB00E15B8F /* Assets.xcassets in Resources */ = {isa = PBXBuildFile; fileRef = 9AF40E8E24F8B6AB00E15B8F /* Assets.xcassets */; };
		9AF40E9224F8B6AB00E15B8F /* LaunchScreen.storyboard in Resources */ = {isa = PBXBuildFile; fileRef = 9AF40E9024F8B6AB00E15B8F /* LaunchScreen.storyboard */; };
		9AF40E9D24F8B6AB00E15B8F /* WorldStatsTests.swift in Sources */ = {isa = PBXBuildFile; fileRef = 9AF40E9C24F8B6AB00E15B8F /* WorldStatsTests.swift */; };
		9AF40EA824F8B6AB00E15B8F /* WorldStatsUITests.swift in Sources */ = {isa = PBXBuildFile; fileRef = 9AF40EA724F8B6AB00E15B8F /* WorldStatsUITests.swift */; };
		A902B5BA245E59173C2F61A3 /* Pods_WorldStatsTests.framework in Frameworks */ = {isa = PBXBuildFile; fileRef = C7E04CE86ECC8D491AD28188 /* Pods_WorldStatsTests.framework */; };
		E0261978EA4B7A307E5CE175 /* Pods_WorldStats_WorldStatsUITests.framework in Frameworks */ = {isa = PBXBuildFile; fileRef = B060DE0B99728716AAB34980 /* Pods_WorldStats_WorldStatsUITests.framework */; };
/* End PBXBuildFile section */

/* Begin PBXContainerItemProxy section */
		9AF40E9924F8B6AB00E15B8F /* PBXContainerItemProxy */ = {
			isa = PBXContainerItemProxy;
			containerPortal = 9AF40E7A24F8B6AA00E15B8F /* Project object */;
			proxyType = 1;
			remoteGlobalIDString = 9AF40E8124F8B6AA00E15B8F;
			remoteInfo = WorldStats;
		};
		9AF40EA424F8B6AB00E15B8F /* PBXContainerItemProxy */ = {
			isa = PBXContainerItemProxy;
			containerPortal = 9AF40E7A24F8B6AA00E15B8F /* Project object */;
			proxyType = 1;
			remoteGlobalIDString = 9AF40E8124F8B6AA00E15B8F;
			remoteInfo = WorldStats;
		};
/* End PBXContainerItemProxy section */

/* Begin PBXFileReference section */
		0A381BC0AFB80125D9DDEAA6 /* Pods-WorldStats.release.xcconfig */ = {isa = PBXFileReference; includeInIndex = 1; lastKnownFileType = text.xcconfig; name = "Pods-WorldStats.release.xcconfig"; path = "Target Support Files/Pods-WorldStats/Pods-WorldStats.release.xcconfig"; sourceTree = "<group>"; };
		1B6379CAB7C671BB31F178C0 /* Pods-WorldStatsTests.debug.xcconfig */ = {isa = PBXFileReference; includeInIndex = 1; lastKnownFileType = text.xcconfig; name = "Pods-WorldStatsTests.debug.xcconfig"; path = "Target Support Files/Pods-WorldStatsTests/Pods-WorldStatsTests.debug.xcconfig"; sourceTree = "<group>"; };
		38569869198960359332CE8B /* Pods-WorldStats.debug.xcconfig */ = {isa = PBXFileReference; includeInIndex = 1; lastKnownFileType = text.xcconfig; name = "Pods-WorldStats.debug.xcconfig"; path = "Target Support Files/Pods-WorldStats/Pods-WorldStats.debug.xcconfig"; sourceTree = "<group>"; };
		39811A7CCB1ACACA002B8E15 /* Pods_WorldStats.framework */ = {isa = PBXFileReference; explicitFileType = wrapper.framework; includeInIndex = 0; path = Pods_WorldStats.framework; sourceTree = BUILT_PRODUCTS_DIR; };
		84F4B7C5E55245304F37C316 /* Pods-WorldStatsTests.release.xcconfig */ = {isa = PBXFileReference; includeInIndex = 1; lastKnownFileType = text.xcconfig; name = "Pods-WorldStatsTests.release.xcconfig"; path = "Target Support Files/Pods-WorldStatsTests/Pods-WorldStatsTests.release.xcconfig"; sourceTree = "<group>"; };
		9AF40E8224F8B6AA00E15B8F /* WorldStats.app */ = {isa = PBXFileReference; explicitFileType = wrapper.application; includeInIndex = 0; path = WorldStats.app; sourceTree = BUILT_PRODUCTS_DIR; };
		9AF40E8524F8B6AA00E15B8F /* AppDelegate.swift */ = {isa = PBXFileReference; lastKnownFileType = sourcecode.swift; path = AppDelegate.swift; sourceTree = "<group>"; };
		9AF40E8724F8B6AA00E15B8F /* SceneDelegate.swift */ = {isa = PBXFileReference; lastKnownFileType = sourcecode.swift; path = SceneDelegate.swift; sourceTree = "<group>"; };
		9AF40E8924F8B6AA00E15B8F /* ViewController.swift */ = {isa = PBXFileReference; lastKnownFileType = sourcecode.swift; path = ViewController.swift; sourceTree = "<group>"; };
		9AF40E8C24F8B6AA00E15B8F /* Base */ = {isa = PBXFileReference; lastKnownFileType = file.storyboard; name = Base; path = Base.lproj/Main.storyboard; sourceTree = "<group>"; };
		9AF40E8E24F8B6AB00E15B8F /* Assets.xcassets */ = {isa = PBXFileReference; lastKnownFileType = folder.assetcatalog; path = Assets.xcassets; sourceTree = "<group>"; };
		9AF40E9124F8B6AB00E15B8F /* Base */ = {isa = PBXFileReference; lastKnownFileType = file.storyboard; name = Base; path = Base.lproj/LaunchScreen.storyboard; sourceTree = "<group>"; };
		9AF40E9324F8B6AB00E15B8F /* Info.plist */ = {isa = PBXFileReference; lastKnownFileType = text.plist.xml; path = Info.plist; sourceTree = "<group>"; };
		9AF40E9824F8B6AB00E15B8F /* WorldStatsTests.xctest */ = {isa = PBXFileReference; explicitFileType = wrapper.cfbundle; includeInIndex = 0; path = WorldStatsTests.xctest; sourceTree = BUILT_PRODUCTS_DIR; };
		9AF40E9C24F8B6AB00E15B8F /* WorldStatsTests.swift */ = {isa = PBXFileReference; lastKnownFileType = sourcecode.swift; path = WorldStatsTests.swift; sourceTree = "<group>"; };
		9AF40E9E24F8B6AB00E15B8F /* Info.plist */ = {isa = PBXFileReference; lastKnownFileType = text.plist.xml; path = Info.plist; sourceTree = "<group>"; };
		9AF40EA324F8B6AB00E15B8F /* WorldStatsUITests.xctest */ = {isa = PBXFileReference; explicitFileType = wrapper.cfbundle; includeInIndex = 0; path = WorldStatsUITests.xctest; sourceTree = BUILT_PRODUCTS_DIR; };
		9AF40EA724F8B6AB00E15B8F /* WorldStatsUITests.swift */ = {isa = PBXFileReference; lastKnownFileType = sourcecode.swift; path = WorldStatsUITests.swift; sourceTree = "<group>"; };
		9AF40EA924F8B6AB00E15B8F /* Info.plist */ = {isa = PBXFileReference; lastKnownFileType = text.plist.xml; path = Info.plist; sourceTree = "<group>"; };
		9C957FC5D85690E4C812C93E /* Pods-WorldStats-WorldStatsUITests.release.xcconfig */ = {isa = PBXFileReference; includeInIndex = 1; lastKnownFileType = text.xcconfig; name = "Pods-WorldStats-WorldStatsUITests.release.xcconfig"; path = "Target Support Files/Pods-WorldStats-WorldStatsUITests/Pods-WorldStats-WorldStatsUITests.release.xcconfig"; sourceTree = "<group>"; };
		B060DE0B99728716AAB34980 /* Pods_WorldStats_WorldStatsUITests.framework */ = {isa = PBXFileReference; explicitFileType = wrapper.framework; includeInIndex = 0; path = Pods_WorldStats_WorldStatsUITests.framework; sourceTree = BUILT_PRODUCTS_DIR; };
		C7E04CE86ECC8D491AD28188 /* Pods_WorldStatsTests.framework */ = {isa = PBXFileReference; explicitFileType = wrapper.framework; includeInIndex = 0; path = Pods_WorldStatsTests.framework; sourceTree = BUILT_PRODUCTS_DIR; };
		D3EBF5B8E538448A8DD65A98 /* Pods-WorldStats-WorldStatsUITests.debug.xcconfig */ = {isa = PBXFileReference; includeInIndex = 1; lastKnownFileType = text.xcconfig; name = "Pods-WorldStats-WorldStatsUITests.debug.xcconfig"; path = "Target Support Files/Pods-WorldStats-WorldStatsUITests/Pods-WorldStats-WorldStatsUITests.debug.xcconfig"; sourceTree = "<group>"; };
/* End PBXFileReference section */

/* Begin PBXFrameworksBuildPhase section */
		9AF40E7F24F8B6AA00E15B8F /* Frameworks */ = {
			isa = PBXFrameworksBuildPhase;
			buildActionMask = 2147483647;
			files = (
				5D744D332926A1D9F7EA6C16 /* Pods_WorldStats.framework in Frameworks */,
			);
			runOnlyForDeploymentPostprocessing = 0;
		};
		9AF40E9524F8B6AB00E15B8F /* Frameworks */ = {
			isa = PBXFrameworksBuildPhase;
			buildActionMask = 2147483647;
			files = (
				A902B5BA245E59173C2F61A3 /* Pods_WorldStatsTests.framework in Frameworks */,
			);
			runOnlyForDeploymentPostprocessing = 0;
		};
		9AF40EA024F8B6AB00E15B8F /* Frameworks */ = {
			isa = PBXFrameworksBuildPhase;
			buildActionMask = 2147483647;
			files = (
				E0261978EA4B7A307E5CE175 /* Pods_WorldStats_WorldStatsUITests.framework in Frameworks */,
			);
			runOnlyForDeploymentPostprocessing = 0;
		};
/* End PBXFrameworksBuildPhase section */

/* Begin PBXGroup section */
		608426D7373220995427A5F9 /* Frameworks */ = {
			isa = PBXGroup;
			children = (
				39811A7CCB1ACACA002B8E15 /* Pods_WorldStats.framework */,
				B060DE0B99728716AAB34980 /* Pods_WorldStats_WorldStatsUITests.framework */,
				C7E04CE86ECC8D491AD28188 /* Pods_WorldStatsTests.framework */,
			);
			name = Frameworks;
			sourceTree = "<group>";
		};
		9AF40E7924F8B6AA00E15B8F = {
			isa = PBXGroup;
			children = (
				9AF40E8424F8B6AA00E15B8F /* WorldStats */,
				9AF40E9B24F8B6AB00E15B8F /* WorldStatsTests */,
				9AF40EA624F8B6AB00E15B8F /* WorldStatsUITests */,
				9AF40E8324F8B6AA00E15B8F /* Products */,
				9D7CAE2D14157889C2A72BA6 /* Pods */,
				608426D7373220995427A5F9 /* Frameworks */,
			);
			sourceTree = "<group>";
		};
		9AF40E8324F8B6AA00E15B8F /* Products */ = {
			isa = PBXGroup;
			children = (
				9AF40E8224F8B6AA00E15B8F /* WorldStats.app */,
				9AF40E9824F8B6AB00E15B8F /* WorldStatsTests.xctest */,
				9AF40EA324F8B6AB00E15B8F /* WorldStatsUITests.xctest */,
			);
			name = Products;
			sourceTree = "<group>";
		};
		9AF40E8424F8B6AA00E15B8F /* WorldStats */ = {
			isa = PBXGroup;
			children = (
				9AF40E8524F8B6AA00E15B8F /* AppDelegate.swift */,
				9AF40E8724F8B6AA00E15B8F /* SceneDelegate.swift */,
				9AF40E8924F8B6AA00E15B8F /* ViewController.swift */,
				9AF40E8B24F8B6AA00E15B8F /* Main.storyboard */,
				9AF40E8E24F8B6AB00E15B8F /* Assets.xcassets */,
				9AF40E9024F8B6AB00E15B8F /* LaunchScreen.storyboard */,
				9AF40E9324F8B6AB00E15B8F /* Info.plist */,
			);
			path = WorldStats;
			sourceTree = "<group>";
		};
		9AF40E9B24F8B6AB00E15B8F /* WorldStatsTests */ = {
			isa = PBXGroup;
			children = (
				9AF40E9C24F8B6AB00E15B8F /* WorldStatsTests.swift */,
				9AF40E9E24F8B6AB00E15B8F /* Info.plist */,
			);
			path = WorldStatsTests;
			sourceTree = "<group>";
		};
		9AF40EA624F8B6AB00E15B8F /* WorldStatsUITests */ = {
			isa = PBXGroup;
			children = (
				9AF40EA724F8B6AB00E15B8F /* WorldStatsUITests.swift */,
				9AF40EA924F8B6AB00E15B8F /* Info.plist */,
			);
			path = WorldStatsUITests;
			sourceTree = "<group>";
		};
		9D7CAE2D14157889C2A72BA6 /* Pods */ = {
			isa = PBXGroup;
			children = (
				38569869198960359332CE8B /* Pods-WorldStats.debug.xcconfig */,
				0A381BC0AFB80125D9DDEAA6 /* Pods-WorldStats.release.xcconfig */,
				D3EBF5B8E538448A8DD65A98 /* Pods-WorldStats-WorldStatsUITests.debug.xcconfig */,
				9C957FC5D85690E4C812C93E /* Pods-WorldStats-WorldStatsUITests.release.xcconfig */,
				1B6379CAB7C671BB31F178C0 /* Pods-WorldStatsTests.debug.xcconfig */,
				84F4B7C5E55245304F37C316 /* Pods-WorldStatsTests.release.xcconfig */,
			);
			path = Pods;
			sourceTree = "<group>";
		};
/* End PBXGroup section */

/* Begin PBXNativeTarget section */
		9AF40E8124F8B6AA00E15B8F /* WorldStats */ = {
			isa = PBXNativeTarget;
			buildConfigurationList = 9AF40EAC24F8B6AB00E15B8F /* Build configuration list for PBXNativeTarget "WorldStats" */;
			buildPhases = (
				7DF1FF9757CC9FB8249CC4B2 /* [CP] Check Pods Manifest.lock */,
				9AF40E7E24F8B6AA00E15B8F /* Sources */,
				9AF40E7F24F8B6AA00E15B8F /* Frameworks */,
				9AF40E8024F8B6AA00E15B8F /* Resources */,
				96BF18684492D7A5AA02C5A5 /* [CP] Embed Pods Frameworks */,
			);
			buildRules = (
			);
			dependencies = (
			);
			name = WorldStats;
			productName = WorldStats;
			productReference = 9AF40E8224F8B6AA00E15B8F /* WorldStats.app */;
			productType = "com.apple.product-type.application";
		};
		9AF40E9724F8B6AB00E15B8F /* WorldStatsTests */ = {
			isa = PBXNativeTarget;
			buildConfigurationList = 9AF40EAF24F8B6AB00E15B8F /* Build configuration list for PBXNativeTarget "WorldStatsTests" */;
			buildPhases = (
				023D1ACABB0D5238D31BF85D /* [CP] Check Pods Manifest.lock */,
				9AF40E9424F8B6AB00E15B8F /* Sources */,
				9AF40E9524F8B6AB00E15B8F /* Frameworks */,
				9AF40E9624F8B6AB00E15B8F /* Resources */,
			);
			buildRules = (
			);
			dependencies = (
				9AF40E9A24F8B6AB00E15B8F /* PBXTargetDependency */,
			);
			name = WorldStatsTests;
			productName = WorldStatsTests;
			productReference = 9AF40E9824F8B6AB00E15B8F /* WorldStatsTests.xctest */;
			productType = "com.apple.product-type.bundle.unit-test";
		};
		9AF40EA224F8B6AB00E15B8F /* WorldStatsUITests */ = {
			isa = PBXNativeTarget;
			buildConfigurationList = 9AF40EB224F8B6AB00E15B8F /* Build configuration list for PBXNativeTarget "WorldStatsUITests" */;
			buildPhases = (
				FED0B8801BADFFCC8F2AD5EE /* [CP] Check Pods Manifest.lock */,
				9AF40E9F24F8B6AB00E15B8F /* Sources */,
				9AF40EA024F8B6AB00E15B8F /* Frameworks */,
				9AF40EA124F8B6AB00E15B8F /* Resources */,
				56AE0AFDF7C049150D4DB1D1 /* [CP] Embed Pods Frameworks */,
			);
			buildRules = (
			);
			dependencies = (
				9AF40EA524F8B6AB00E15B8F /* PBXTargetDependency */,
			);
			name = WorldStatsUITests;
			productName = WorldStatsUITests;
			productReference = 9AF40EA324F8B6AB00E15B8F /* WorldStatsUITests.xctest */;
			productType = "com.apple.product-type.bundle.ui-testing";
		};
/* End PBXNativeTarget section */

/* Begin PBXProject section */
		9AF40E7A24F8B6AA00E15B8F /* Project object */ = {
			isa = PBXProject;
			attributes = {
				LastSwiftUpdateCheck = 1160;
				LastUpgradeCheck = 1160;
				ORGANIZATIONNAME = Fahied;
				TargetAttributes = {
					9AF40E8124F8B6AA00E15B8F = {
						CreatedOnToolsVersion = 11.6;
					};
					9AF40E9724F8B6AB00E15B8F = {
						CreatedOnToolsVersion = 11.6;
						TestTargetID = 9AF40E8124F8B6AA00E15B8F;
					};
					9AF40EA224F8B6AB00E15B8F = {
						CreatedOnToolsVersion = 11.6;
						TestTargetID = 9AF40E8124F8B6AA00E15B8F;
					};
				};
			};
			buildConfigurationList = 9AF40E7D24F8B6AA00E15B8F /* Build configuration list for PBXProject "WorldStats" */;
			compatibilityVersion = "Xcode 9.3";
			developmentRegion = en;
			hasScannedForEncodings = 0;
			knownRegions = (
				en,
				Base,
			);
			mainGroup = 9AF40E7924F8B6AA00E15B8F;
			productRefGroup = 9AF40E8324F8B6AA00E15B8F /* Products */;
			projectDirPath = "";
			projectRoot = "";
			targets = (
				9AF40E8124F8B6AA00E15B8F /* WorldStats */,
				9AF40E9724F8B6AB00E15B8F /* WorldStatsTests */,
				9AF40EA224F8B6AB00E15B8F /* WorldStatsUITests */,
			);
		};
/* End PBXProject section */

/* Begin PBXResourcesBuildPhase section */
		9AF40E8024F8B6AA00E15B8F /* Resources */ = {
			isa = PBXResourcesBuildPhase;
			buildActionMask = 2147483647;
			files = (
				9AF40E9224F8B6AB00E15B8F /* LaunchScreen.storyboard in Resources */,
				9AF40E8F24F8B6AB00E15B8F /* Assets.xcassets in Resources */,
				9AF40E8D24F8B6AA00E15B8F /* Main.storyboard in Resources */,
			);
			runOnlyForDeploymentPostprocessing = 0;
		};
		9AF40E9624F8B6AB00E15B8F /* Resources */ = {
			isa = PBXResourcesBuildPhase;
			buildActionMask = 2147483647;
			files = (
			);
			runOnlyForDeploymentPostprocessing = 0;
		};
		9AF40EA124F8B6AB00E15B8F /* Resources */ = {
			isa = PBXResourcesBuildPhase;
			buildActionMask = 2147483647;
			files = (
			);
			runOnlyForDeploymentPostprocessing = 0;
		};
/* End PBXResourcesBuildPhase section */

/* Begin PBXShellScriptBuildPhase section */
		023D1ACABB0D5238D31BF85D /* [CP] Check Pods Manifest.lock */ = {
			isa = PBXShellScriptBuildPhase;
			buildActionMask = 2147483647;
			files = (
			);
			inputFileListPaths = (
			);
			inputPaths = (
				"${PODS_PODFILE_DIR_PATH}/Podfile.lock",
				"${PODS_ROOT}/Manifest.lock",
			);
			name = "[CP] Check Pods Manifest.lock";
			outputFileListPaths = (
			);
			outputPaths = (
				"$(DERIVED_FILE_DIR)/Pods-WorldStatsTests-checkManifestLockResult.txt",
			);
			runOnlyForDeploymentPostprocessing = 0;
			shellPath = /bin/sh;
			shellScript = "diff \"${PODS_PODFILE_DIR_PATH}/Podfile.lock\" \"${PODS_ROOT}/Manifest.lock\" > /dev/null\nif [ $? != 0 ] ; then\n    # print error to STDERR\n    echo \"error: The sandbox is not in sync with the Podfile.lock. Run 'pod install' or update your CocoaPods installation.\" >&2\n    exit 1\nfi\n# This output is used by Xcode 'outputs' to avoid re-running this script phase.\necho \"SUCCESS\" > \"${SCRIPT_OUTPUT_FILE_0}\"\n";
			showEnvVarsInLog = 0;
		};
		56AE0AFDF7C049150D4DB1D1 /* [CP] Embed Pods Frameworks */ = {
			isa = PBXShellScriptBuildPhase;
			buildActionMask = 2147483647;
			files = (
			);
			inputFileListPaths = (
				"${PODS_ROOT}/Target Support Files/Pods-WorldStats-WorldStatsUITests/Pods-WorldStats-WorldStatsUITests-frameworks-${CONFIGURATION}-input-files.xcfilelist",
			);
			name = "[CP] Embed Pods Frameworks";
			outputFileListPaths = (
				"${PODS_ROOT}/Target Support Files/Pods-WorldStats-WorldStatsUITests/Pods-WorldStats-WorldStatsUITests-frameworks-${CONFIGURATION}-output-files.xcfilelist",
			);
			runOnlyForDeploymentPostprocessing = 0;
			shellPath = /bin/sh;
			shellScript = "\"${PODS_ROOT}/Target Support Files/Pods-WorldStats-WorldStatsUITests/Pods-WorldStats-WorldStatsUITests-frameworks.sh\"\n";
			showEnvVarsInLog = 0;
		};
		7DF1FF9757CC9FB8249CC4B2 /* [CP] Check Pods Manifest.lock */ = {
			isa = PBXShellScriptBuildPhase;
			buildActionMask = 2147483647;
			files = (
			);
			inputFileListPaths = (
			);
			inputPaths = (
				"${PODS_PODFILE_DIR_PATH}/Podfile.lock",
				"${PODS_ROOT}/Manifest.lock",
			);
			name = "[CP] Check Pods Manifest.lock";
			outputFileListPaths = (
			);
			outputPaths = (
				"$(DERIVED_FILE_DIR)/Pods-WorldStats-checkManifestLockResult.txt",
			);
			runOnlyForDeploymentPostprocessing = 0;
			shellPath = /bin/sh;
			shellScript = "diff \"${PODS_PODFILE_DIR_PATH}/Podfile.lock\" \"${PODS_ROOT}/Manifest.lock\" > /dev/null\nif [ $? != 0 ] ; then\n    # print error to STDERR\n    echo \"error: The sandbox is not in sync with the Podfile.lock. Run 'pod install' or update your CocoaPods installation.\" >&2\n    exit 1\nfi\n# This output is used by Xcode 'outputs' to avoid re-running this script phase.\necho \"SUCCESS\" > \"${SCRIPT_OUTPUT_FILE_0}\"\n";
			showEnvVarsInLog = 0;
		};
		96BF18684492D7A5AA02C5A5 /* [CP] Embed Pods Frameworks */ = {
			isa = PBXShellScriptBuildPhase;
			buildActionMask = 2147483647;
			files = (
			);
			inputFileListPaths = (
				"${PODS_ROOT}/Target Support Files/Pods-WorldStats/Pods-WorldStats-frameworks-${CONFIGURATION}-input-files.xcfilelist",
			);
			name = "[CP] Embed Pods Frameworks";
			outputFileListPaths = (
				"${PODS_ROOT}/Target Support Files/Pods-WorldStats/Pods-WorldStats-frameworks-${CONFIGURATION}-output-files.xcfilelist",
			);
			runOnlyForDeploymentPostprocessing = 0;
			shellPath = /bin/sh;
			shellScript = "\"${PODS_ROOT}/Target Support Files/Pods-WorldStats/Pods-WorldStats-frameworks.sh\"\n";
			showEnvVarsInLog = 0;
		};
		FED0B8801BADFFCC8F2AD5EE /* [CP] Check Pods Manifest.lock */ = {
			isa = PBXShellScriptBuildPhase;
			buildActionMask = 2147483647;
			files = (
			);
			inputFileListPaths = (
			);
			inputPaths = (
				"${PODS_PODFILE_DIR_PATH}/Podfile.lock",
				"${PODS_ROOT}/Manifest.lock",
			);
			name = "[CP] Check Pods Manifest.lock";
			outputFileListPaths = (
			);
			outputPaths = (
				"$(DERIVED_FILE_DIR)/Pods-WorldStats-WorldStatsUITests-checkManifestLockResult.txt",
			);
			runOnlyForDeploymentPostprocessing = 0;
			shellPath = /bin/sh;
			shellScript = "diff \"${PODS_PODFILE_DIR_PATH}/Podfile.lock\" \"${PODS_ROOT}/Manifest.lock\" > /dev/null\nif [ $? != 0 ] ; then\n    # print error to STDERR\n    echo \"error: The sandbox is not in sync with the Podfile.lock. Run 'pod install' or update your CocoaPods installation.\" >&2\n    exit 1\nfi\n# This output is used by Xcode 'outputs' to avoid re-running this script phase.\necho \"SUCCESS\" > \"${SCRIPT_OUTPUT_FILE_0}\"\n";
			showEnvVarsInLog = 0;
		};
/* End PBXShellScriptBuildPhase section */

/* Begin PBXSourcesBuildPhase section */
		9AF40E7E24F8B6AA00E15B8F /* Sources */ = {
			isa = PBXSourcesBuildPhase;
			buildActionMask = 2147483647;
			files = (
				9AF40E8A24F8B6AA00E15B8F /* ViewController.swift in Sources */,
				9AF40E8624F8B6AA00E15B8F /* AppDelegate.swift in Sources */,
				9AF40E8824F8B6AA00E15B8F /* SceneDelegate.swift in Sources */,
			);
			runOnlyForDeploymentPostprocessing = 0;
		};
		9AF40E9424F8B6AB00E15B8F /* Sources */ = {
			isa = PBXSourcesBuildPhase;
			buildActionMask = 2147483647;
			files = (
				9AF40E9D24F8B6AB00E15B8F /* WorldStatsTests.swift in Sources */,
			);
			runOnlyForDeploymentPostprocessing = 0;
		};
		9AF40E9F24F8B6AB00E15B8F /* Sources */ = {
			isa = PBXSourcesBuildPhase;
			buildActionMask = 2147483647;
			files = (
				9AF40EA824F8B6AB00E15B8F /* WorldStatsUITests.swift in Sources */,
			);
			runOnlyForDeploymentPostprocessing = 0;
		};
/* End PBXSourcesBuildPhase section */

/* Begin PBXTargetDependency section */
		9AF40E9A24F8B6AB00E15B8F /* PBXTargetDependency */ = {
			isa = PBXTargetDependency;
			target = 9AF40E8124F8B6AA00E15B8F /* WorldStats */;
			targetProxy = 9AF40E9924F8B6AB00E15B8F /* PBXContainerItemProxy */;
		};
		9AF40EA524F8B6AB00E15B8F /* PBXTargetDependency */ = {
			isa = PBXTargetDependency;
			target = 9AF40E8124F8B6AA00E15B8F /* WorldStats */;
			targetProxy = 9AF40EA424F8B6AB00E15B8F /* PBXContainerItemProxy */;
		};
/* End PBXTargetDependency section */

/* Begin PBXVariantGroup section */
		9AF40E8B24F8B6AA00E15B8F /* Main.storyboard */ = {
			isa = PBXVariantGroup;
			children = (
				9AF40E8C24F8B6AA00E15B8F /* Base */,
			);
			name = Main.storyboard;
			sourceTree = "<group>";
		};
		9AF40E9024F8B6AB00E15B8F /* LaunchScreen.storyboard */ = {
			isa = PBXVariantGroup;
			children = (
				9AF40E9124F8B6AB00E15B8F /* Base */,
			);
			name = LaunchScreen.storyboard;
			sourceTree = "<group>";
		};
/* End PBXVariantGroup section */

/* Begin XCBuildConfiguration section */
		9AF40EAA24F8B6AB00E15B8F /* Debug */ = {
			isa = XCBuildConfiguration;
			buildSettings = {
				ALWAYS_SEARCH_USER_PATHS = NO;
				CLANG_ANALYZER_NONNULL = YES;
				CLANG_ANALYZER_NUMBER_OBJECT_CONVERSION = YES_AGGRESSIVE;
				CLANG_CXX_LANGUAGE_STANDARD = "gnu++14";
				CLANG_CXX_LIBRARY = "libc++";
				CLANG_ENABLE_MODULES = YES;
				CLANG_ENABLE_OBJC_ARC = YES;
				CLANG_ENABLE_OBJC_WEAK = YES;
				CLANG_WARN_BLOCK_CAPTURE_AUTORELEASING = YES;
				CLANG_WARN_BOOL_CONVERSION = YES;
				CLANG_WARN_COMMA = YES;
				CLANG_WARN_CONSTANT_CONVERSION = YES;
				CLANG_WARN_DEPRECATED_OBJC_IMPLEMENTATIONS = YES;
				CLANG_WARN_DIRECT_OBJC_ISA_USAGE = YES_ERROR;
				CLANG_WARN_DOCUMENTATION_COMMENTS = YES;
				CLANG_WARN_EMPTY_BODY = YES;
				CLANG_WARN_ENUM_CONVERSION = YES;
				CLANG_WARN_INFINITE_RECURSION = YES;
				CLANG_WARN_INT_CONVERSION = YES;
				CLANG_WARN_NON_LITERAL_NULL_CONVERSION = YES;
				CLANG_WARN_OBJC_IMPLICIT_RETAIN_SELF = YES;
				CLANG_WARN_OBJC_LITERAL_CONVERSION = YES;
				CLANG_WARN_OBJC_ROOT_CLASS = YES_ERROR;
				CLANG_WARN_RANGE_LOOP_ANALYSIS = YES;
				CLANG_WARN_STRICT_PROTOTYPES = YES;
				CLANG_WARN_SUSPICIOUS_MOVE = YES;
				CLANG_WARN_UNGUARDED_AVAILABILITY = YES_AGGRESSIVE;
				CLANG_WARN_UNREACHABLE_CODE = YES;
				CLANG_WARN__DUPLICATE_METHOD_MATCH = YES;
				COPY_PHASE_STRIP = NO;
				DEBUG_INFORMATION_FORMAT = dwarf;
				ENABLE_STRICT_OBJC_MSGSEND = YES;
				ENABLE_TESTABILITY = YES;
				GCC_C_LANGUAGE_STANDARD = gnu11;
				GCC_DYNAMIC_NO_PIC = NO;
				GCC_NO_COMMON_BLOCKS = YES;
				GCC_OPTIMIZATION_LEVEL = 0;
				GCC_PREPROCESSOR_DEFINITIONS = (
					"DEBUG=1",
					"$(inherited)",
				);
				GCC_WARN_64_TO_32_BIT_CONVERSION = YES;
				GCC_WARN_ABOUT_RETURN_TYPE = YES_ERROR;
				GCC_WARN_UNDECLARED_SELECTOR = YES;
				GCC_WARN_UNINITIALIZED_AUTOS = YES_AGGRESSIVE;
				GCC_WARN_UNUSED_FUNCTION = YES;
				GCC_WARN_UNUSED_VARIABLE = YES;
				IPHONEOS_DEPLOYMENT_TARGET = 13.6;
				MTL_ENABLE_DEBUG_INFO = INCLUDE_SOURCE;
				MTL_FAST_MATH = YES;
				ONLY_ACTIVE_ARCH = YES;
				SDKROOT = iphoneos;
				SWIFT_ACTIVE_COMPILATION_CONDITIONS = DEBUG;
				SWIFT_OPTIMIZATION_LEVEL = "-Onone";
			};
			name = Debug;
		};
		9AF40EAB24F8B6AB00E15B8F /* Release */ = {
			isa = XCBuildConfiguration;
			buildSettings = {
				ALWAYS_SEARCH_USER_PATHS = NO;
				CLANG_ANALYZER_NONNULL = YES;
				CLANG_ANALYZER_NUMBER_OBJECT_CONVERSION = YES_AGGRESSIVE;
				CLANG_CXX_LANGUAGE_STANDARD = "gnu++14";
				CLANG_CXX_LIBRARY = "libc++";
				CLANG_ENABLE_MODULES = YES;
				CLANG_ENABLE_OBJC_ARC = YES;
				CLANG_ENABLE_OBJC_WEAK = YES;
				CLANG_WARN_BLOCK_CAPTURE_AUTORELEASING = YES;
				CLANG_WARN_BOOL_CONVERSION = YES;
				CLANG_WARN_COMMA = YES;
				CLANG_WARN_CONSTANT_CONVERSION = YES;
				CLANG_WARN_DEPRECATED_OBJC_IMPLEMENTATIONS = YES;
				CLANG_WARN_DIRECT_OBJC_ISA_USAGE = YES_ERROR;
				CLANG_WARN_DOCUMENTATION_COMMENTS = YES;
				CLANG_WARN_EMPTY_BODY = YES;
				CLANG_WARN_ENUM_CONVERSION = YES;
				CLANG_WARN_INFINITE_RECURSION = YES;
				CLANG_WARN_INT_CONVERSION = YES;
				CLANG_WARN_NON_LITERAL_NULL_CONVERSION = YES;
				CLANG_WARN_OBJC_IMPLICIT_RETAIN_SELF = YES;
				CLANG_WARN_OBJC_LITERAL_CONVERSION = YES;
				CLANG_WARN_OBJC_ROOT_CLASS = YES_ERROR;
				CLANG_WARN_RANGE_LOOP_ANALYSIS = YES;
				CLANG_WARN_STRICT_PROTOTYPES = YES;
				CLANG_WARN_SUSPICIOUS_MOVE = YES;
				CLANG_WARN_UNGUARDED_AVAILABILITY = YES_AGGRESSIVE;
				CLANG_WARN_UNREACHABLE_CODE = YES;
				CLANG_WARN__DUPLICATE_METHOD_MATCH = YES;
				COPY_PHASE_STRIP = NO;
				DEBUG_INFORMATION_FORMAT = "dwarf-with-dsym";
				ENABLE_NS_ASSERTIONS = NO;
				ENABLE_STRICT_OBJC_MSGSEND = YES;
				GCC_C_LANGUAGE_STANDARD = gnu11;
				GCC_NO_COMMON_BLOCKS = YES;
				GCC_WARN_64_TO_32_BIT_CONVERSION = YES;
				GCC_WARN_ABOUT_RETURN_TYPE = YES_ERROR;
				GCC_WARN_UNDECLARED_SELECTOR = YES;
				GCC_WARN_UNINITIALIZED_AUTOS = YES_AGGRESSIVE;
				GCC_WARN_UNUSED_FUNCTION = YES;
				GCC_WARN_UNUSED_VARIABLE = YES;
				IPHONEOS_DEPLOYMENT_TARGET = 13.6;
				MTL_ENABLE_DEBUG_INFO = NO;
				MTL_FAST_MATH = YES;
				SDKROOT = iphoneos;
				SWIFT_COMPILATION_MODE = wholemodule;
				SWIFT_OPTIMIZATION_LEVEL = "-O";
				VALIDATE_PRODUCT = YES;
			};
			name = Release;
		};
		9AF40EAD24F8B6AB00E15B8F /* Debug */ = {
			isa = XCBuildConfiguration;
			baseConfigurationReference = 38569869198960359332CE8B /* Pods-WorldStats.debug.xcconfig */;
			buildSettings = {
				ASSETCATALOG_COMPILER_APPICON_NAME = AppIcon;
				CODE_SIGN_STYLE = Automatic;
				DEVELOPMENT_TEAM = NL645FV9X6;
				INFOPLIST_FILE = WorldStats/Info.plist;
				LD_RUNPATH_SEARCH_PATHS = (
					"$(inherited)",
					"@executable_path/Frameworks",
				);
				PRODUCT_BUNDLE_IDENTIFIER = com.fahied.WorldStats;
				PRODUCT_NAME = "$(TARGET_NAME)";
				SWIFT_VERSION = 5.0;
				TARGETED_DEVICE_FAMILY = "1,2";
			};
			name = Debug;
		};
		9AF40EAE24F8B6AB00E15B8F /* Release */ = {
			isa = XCBuildConfiguration;
			baseConfigurationReference = 0A381BC0AFB80125D9DDEAA6 /* Pods-WorldStats.release.xcconfig */;
			buildSettings = {
				ASSETCATALOG_COMPILER_APPICON_NAME = AppIcon;
				CODE_SIGN_STYLE = Automatic;
				DEVELOPMENT_TEAM = NL645FV9X6;
				INFOPLIST_FILE = WorldStats/Info.plist;
				LD_RUNPATH_SEARCH_PATHS = (
					"$(inherited)",
					"@executable_path/Frameworks",
				);
				PRODUCT_BUNDLE_IDENTIFIER = com.fahied.WorldStats;
				PRODUCT_NAME = "$(TARGET_NAME)";
				SWIFT_VERSION = 5.0;
				TARGETED_DEVICE_FAMILY = "1,2";
			};
			name = Release;
		};
		9AF40EB024F8B6AB00E15B8F /* Debug */ = {
			isa = XCBuildConfiguration;
			baseConfigurationReference = 1B6379CAB7C671BB31F178C0 /* Pods-WorldStatsTests.debug.xcconfig */;
			buildSettings = {
				ALWAYS_EMBED_SWIFT_STANDARD_LIBRARIES = "$(inherited)";
				BUNDLE_LOADER = "$(TEST_HOST)";
				CODE_SIGN_STYLE = Automatic;
				DEVELOPMENT_TEAM = NL645FV9X6;
				INFOPLIST_FILE = WorldStatsTests/Info.plist;
				IPHONEOS_DEPLOYMENT_TARGET = 13.6;
				LD_RUNPATH_SEARCH_PATHS = (
					"$(inherited)",
					"@executable_path/Frameworks",
					"@loader_path/Frameworks",
				);
				PRODUCT_BUNDLE_IDENTIFIER = com.fahied.WorldStatsTests;
				PRODUCT_NAME = "$(TARGET_NAME)";
				SWIFT_VERSION = 5.0;
				TARGETED_DEVICE_FAMILY = "1,2";
				TEST_HOST = "$(BUILT_PRODUCTS_DIR)/WorldStats.app/WorldStats";
			};
			name = Debug;
		};
		9AF40EB124F8B6AB00E15B8F /* Release */ = {
			isa = XCBuildConfiguration;
			baseConfigurationReference = 84F4B7C5E55245304F37C316 /* Pods-WorldStatsTests.release.xcconfig */;
			buildSettings = {
				ALWAYS_EMBED_SWIFT_STANDARD_LIBRARIES = "$(inherited)";
				BUNDLE_LOADER = "$(TEST_HOST)";
				CODE_SIGN_STYLE = Automatic;
				DEVELOPMENT_TEAM = NL645FV9X6;
				INFOPLIST_FILE = WorldStatsTests/Info.plist;
				IPHONEOS_DEPLOYMENT_TARGET = 13.6;
				LD_RUNPATH_SEARCH_PATHS = (
					"$(inherited)",
					"@executable_path/Frameworks",
					"@loader_path/Frameworks",
				);
				PRODUCT_BUNDLE_IDENTIFIER = com.fahied.WorldStatsTests;
				PRODUCT_NAME = "$(TARGET_NAME)";
				SWIFT_VERSION = 5.0;
				TARGETED_DEVICE_FAMILY = "1,2";
				TEST_HOST = "$(BUILT_PRODUCTS_DIR)/WorldStats.app/WorldStats";
			};
			name = Release;
		};
		9AF40EB324F8B6AB00E15B8F /* Debug */ = {
			isa = XCBuildConfiguration;
			baseConfigurationReference = D3EBF5B8E538448A8DD65A98 /* Pods-WorldStats-WorldStatsUITests.debug.xcconfig */;
			buildSettings = {
				ALWAYS_EMBED_SWIFT_STANDARD_LIBRARIES = "$(inherited)";
				CODE_SIGN_STYLE = Automatic;
				DEVELOPMENT_TEAM = NL645FV9X6;
				INFOPLIST_FILE = WorldStatsUITests/Info.plist;
				LD_RUNPATH_SEARCH_PATHS = (
					"$(inherited)",
					"@executable_path/Frameworks",
					"@loader_path/Frameworks",
				);
				PRODUCT_BUNDLE_IDENTIFIER = com.fahied.WorldStatsUITests;
				PRODUCT_NAME = "$(TARGET_NAME)";
				SWIFT_VERSION = 5.0;
				TARGETED_DEVICE_FAMILY = "1,2";
				TEST_TARGET_NAME = WorldStats;
			};
			name = Debug;
		};
		9AF40EB424F8B6AB00E15B8F /* Release */ = {
			isa = XCBuildConfiguration;
			baseConfigurationReference = 9C957FC5D85690E4C812C93E /* Pods-WorldStats-WorldStatsUITests.release.xcconfig */;
			buildSettings = {
				ALWAYS_EMBED_SWIFT_STANDARD_LIBRARIES = "$(inherited)";
				CODE_SIGN_STYLE = Automatic;
				DEVELOPMENT_TEAM = NL645FV9X6;
				INFOPLIST_FILE = WorldStatsUITests/Info.plist;
				LD_RUNPATH_SEARCH_PATHS = (
					"$(inherited)",
					"@executable_path/Frameworks",
					"@loader_path/Frameworks",
				);
				PRODUCT_BUNDLE_IDENTIFIER = com.fahied.WorldStatsUITests;
				PRODUCT_NAME = "$(TARGET_NAME)";
				SWIFT_VERSION = 5.0;
				TARGETED_DEVICE_FAMILY = "1,2";
				TEST_TARGET_NAME = WorldStats;
			};
			name = Release;
		};
/* End XCBuildConfiguration section */

/* Begin XCConfigurationList section */
		9AF40E7D24F8B6AA00E15B8F /* Build configuration list for PBXProject "WorldStats" */ = {
			isa = XCConfigurationList;
			buildConfigurations = (
				9AF40EAA24F8B6AB00E15B8F /* Debug */,
				9AF40EAB24F8B6AB00E15B8F /* Release */,
			);
			defaultConfigurationIsVisible = 0;
			defaultConfigurationName = Release;
		};
		9AF40EAC24F8B6AB00E15B8F /* Build configuration list for PBXNativeTarget "WorldStats" */ = {
			isa = XCConfigurationList;
			buildConfigurations = (
				9AF40EAD24F8B6AB00E15B8F /* Debug */,
				9AF40EAE24F8B6AB00E15B8F /* Release */,
			);
			defaultConfigurationIsVisible = 0;
			defaultConfigurationName = Release;
		};
		9AF40EAF24F8B6AB00E15B8F /* Build configuration list for PBXNativeTarget "WorldStatsTests" */ = {
			isa = XCConfigurationList;
			buildConfigurations = (
				9AF40EB024F8B6AB00E15B8F /* Debug */,
				9AF40EB124F8B6AB00E15B8F /* Release */,
			);
			defaultConfigurationIsVisible = 0;
			defaultConfigurationName = Release;
		};
		9AF40EB224F8B6AB00E15B8F /* Build configuration list for PBXNativeTarget "WorldStatsUITests" */ = {
			isa = XCConfigurationList;
			buildConfigurations = (
				9AF40EB324F8B6AB00E15B8F /* Debug */,
				9AF40EB424F8B6AB00E15B8F /* Release */,
			);
			defaultConfigurationIsVisible = 0;
			defaultConfigurationName = Release;
		};
/* End XCConfigurationList section */
	};
	rootObject = 9AF40E7A24F8B6AA00E15B8F /* Project object */;
}
